// !$*UTF8*$!
{
	archiveVersion = 1;
	classes = {
	};
	objectVersion = 55;
	objects = {

/* Begin PBXBuildFile section */
		03889C05E6D0CFAFECD56707 /* Pods_FlixsterTests.framework in Frameworks */ = {isa = PBXBuildFile; fileRef = 8656507C1072B19E9B36E836 /* Pods_FlixsterTests.framework */; };
		19AD94BE27B2058C00EAEE7D /* AppDelegate.swift in Sources */ = {isa = PBXBuildFile; fileRef = 19AD94BD27B2058C00EAEE7D /* AppDelegate.swift */; };
		19AD94C027B2058C00EAEE7D /* SceneDelegate.swift in Sources */ = {isa = PBXBuildFile; fileRef = 19AD94BF27B2058C00EAEE7D /* SceneDelegate.swift */; };
		19AD94C227B2058C00EAEE7D /* ViewController.swift in Sources */ = {isa = PBXBuildFile; fileRef = 19AD94C127B2058C00EAEE7D /* ViewController.swift */; };
		19AD94C527B2058C00EAEE7D /* Main.storyboard in Resources */ = {isa = PBXBuildFile; fileRef = 19AD94C327B2058C00EAEE7D /* Main.storyboard */; };
		19AD94C727B2058E00EAEE7D /* Assets.xcassets in Resources */ = {isa = PBXBuildFile; fileRef = 19AD94C627B2058E00EAEE7D /* Assets.xcassets */; };
		19AD94CA27B2058E00EAEE7D /* LaunchScreen.storyboard in Resources */ = {isa = PBXBuildFile; fileRef = 19AD94C827B2058E00EAEE7D /* LaunchScreen.storyboard */; };
		19AD94D527B2058E00EAEE7D /* FlixsterTests.swift in Sources */ = {isa = PBXBuildFile; fileRef = 19AD94D427B2058E00EAEE7D /* FlixsterTests.swift */; };
		19AD94DF27B2058E00EAEE7D /* FlixsterUITests.swift in Sources */ = {isa = PBXBuildFile; fileRef = 19AD94DE27B2058E00EAEE7D /* FlixsterUITests.swift */; };
		19AD94E127B2058E00EAEE7D /* FlixsterUITestsLaunchTests.swift in Sources */ = {isa = PBXBuildFile; fileRef = 19AD94E027B2058E00EAEE7D /* FlixsterUITestsLaunchTests.swift */; };
		19AD94EE27B2187300EAEE7D /* MovieCell.swift in Sources */ = {isa = PBXBuildFile; fileRef = 19AD94ED27B2187300EAEE7D /* MovieCell.swift */; };
		19AD94F127B21F2800EAEE7D /* AlamofireImage in Frameworks */ = {isa = PBXBuildFile; productRef = 19AD94F027B21F2800EAEE7D /* AlamofireImage */; };
		6D3E3CB8C1E6292FA3775866 /* Pods_Flixster.framework in Frameworks */ = {isa = PBXBuildFile; fileRef = 16BCC0C4861770A7B10537AE /* Pods_Flixster.framework */; };
		A9E272C20A5592C099FE0208 /* Pods_Flixster_FlixsterUITests.framework in Frameworks */ = {isa = PBXBuildFile; fileRef = 22E3B2CCEF0636E4FFA7AE98 /* Pods_Flixster_FlixsterUITests.framework */; };
/* End PBXBuildFile section */

/* Begin PBXContainerItemProxy section */
		19AD94D127B2058E00EAEE7D /* PBXContainerItemProxy */ = {
			isa = PBXContainerItemProxy;
			containerPortal = 19AD94B227B2058C00EAEE7D /* Project object */;
			proxyType = 1;
			remoteGlobalIDString = 19AD94B927B2058C00EAEE7D;
			remoteInfo = Flixster;
		};
		19AD94DB27B2058E00EAEE7D /* PBXContainerItemProxy */ = {
			isa = PBXContainerItemProxy;
			containerPortal = 19AD94B227B2058C00EAEE7D /* Project object */;
			proxyType = 1;
			remoteGlobalIDString = 19AD94B927B2058C00EAEE7D;
			remoteInfo = Flixster;
		};
/* End PBXContainerItemProxy section */

/* Begin PBXFileReference section */
		04D8B5B85AD69774996387E0 /* Pods-FlixsterTests.release.xcconfig */ = {isa = PBXFileReference; includeInIndex = 1; lastKnownFileType = text.xcconfig; name = "Pods-FlixsterTests.release.xcconfig"; path = "Target Support Files/Pods-FlixsterTests/Pods-FlixsterTests.release.xcconfig"; sourceTree = "<group>"; };
		16BCC0C4861770A7B10537AE /* Pods_Flixster.framework */ = {isa = PBXFileReference; explicitFileType = wrapper.framework; includeInIndex = 0; path = Pods_Flixster.framework; sourceTree = BUILT_PRODUCTS_DIR; };
		19AD94BA27B2058C00EAEE7D /* Flixster.app */ = {isa = PBXFileReference; explicitFileType = wrapper.application; includeInIndex = 0; path = Flixster.app; sourceTree = BUILT_PRODUCTS_DIR; };
		19AD94BD27B2058C00EAEE7D /* AppDelegate.swift */ = {isa = PBXFileReference; lastKnownFileType = sourcecode.swift; path = AppDelegate.swift; sourceTree = "<group>"; };
		19AD94BF27B2058C00EAEE7D /* SceneDelegate.swift */ = {isa = PBXFileReference; lastKnownFileType = sourcecode.swift; path = SceneDelegate.swift; sourceTree = "<group>"; };
		19AD94C127B2058C00EAEE7D /* ViewController.swift */ = {isa = PBXFileReference; lastKnownFileType = sourcecode.swift; path = ViewController.swift; sourceTree = "<group>"; };
		19AD94C427B2058C00EAEE7D /* Base */ = {isa = PBXFileReference; lastKnownFileType = file.storyboard; name = Base; path = Base.lproj/Main.storyboard; sourceTree = "<group>"; };
		19AD94C627B2058E00EAEE7D /* Assets.xcassets */ = {isa = PBXFileReference; lastKnownFileType = folder.assetcatalog; path = Assets.xcassets; sourceTree = "<group>"; };
		19AD94C927B2058E00EAEE7D /* Base */ = {isa = PBXFileReference; lastKnownFileType = file.storyboard; name = Base; path = Base.lproj/LaunchScreen.storyboard; sourceTree = "<group>"; };
		19AD94CB27B2058E00EAEE7D /* Info.plist */ = {isa = PBXFileReference; lastKnownFileType = text.plist.xml; path = Info.plist; sourceTree = "<group>"; };
		19AD94D027B2058E00EAEE7D /* FlixsterTests.xctest */ = {isa = PBXFileReference; explicitFileType = wrapper.cfbundle; includeInIndex = 0; path = FlixsterTests.xctest; sourceTree = BUILT_PRODUCTS_DIR; };
		19AD94D427B2058E00EAEE7D /* FlixsterTests.swift */ = {isa = PBXFileReference; lastKnownFileType = sourcecode.swift; path = FlixsterTests.swift; sourceTree = "<group>"; };
		19AD94DA27B2058E00EAEE7D /* FlixsterUITests.xctest */ = {isa = PBXFileReference; explicitFileType = wrapper.cfbundle; includeInIndex = 0; path = FlixsterUITests.xctest; sourceTree = BUILT_PRODUCTS_DIR; };
		19AD94DE27B2058E00EAEE7D /* FlixsterUITests.swift */ = {isa = PBXFileReference; lastKnownFileType = sourcecode.swift; path = FlixsterUITests.swift; sourceTree = "<group>"; };
		19AD94E027B2058E00EAEE7D /* FlixsterUITestsLaunchTests.swift */ = {isa = PBXFileReference; lastKnownFileType = sourcecode.swift; path = FlixsterUITestsLaunchTests.swift; sourceTree = "<group>"; };
		19AD94ED27B2187300EAEE7D /* MovieCell.swift */ = {isa = PBXFileReference; lastKnownFileType = sourcecode.swift; path = MovieCell.swift; sourceTree = "<group>"; };
		1B26CB51126C789316CF75F6 /* Pods-Flixster-FlixsterUITests.debug.xcconfig */ = {isa = PBXFileReference; includeInIndex = 1; lastKnownFileType = text.xcconfig; name = "Pods-Flixster-FlixsterUITests.debug.xcconfig"; path = "Target Support Files/Pods-Flixster-FlixsterUITests/Pods-Flixster-FlixsterUITests.debug.xcconfig"; sourceTree = "<group>"; };
		22E3B2CCEF0636E4FFA7AE98 /* Pods_Flixster_FlixsterUITests.framework */ = {isa = PBXFileReference; explicitFileType = wrapper.framework; includeInIndex = 0; path = Pods_Flixster_FlixsterUITests.framework; sourceTree = BUILT_PRODUCTS_DIR; };
		8656507C1072B19E9B36E836 /* Pods_FlixsterTests.framework */ = {isa = PBXFileReference; explicitFileType = wrapper.framework; includeInIndex = 0; path = Pods_FlixsterTests.framework; sourceTree = BUILT_PRODUCTS_DIR; };
		9290FC6E8CBCAE12C3BABB17 /* Pods-Flixster.debug.xcconfig */ = {isa = PBXFileReference; includeInIndex = 1; lastKnownFileType = text.xcconfig; name = "Pods-Flixster.debug.xcconfig"; path = "Target Support Files/Pods-Flixster/Pods-Flixster.debug.xcconfig"; sourceTree = "<group>"; };
		A7FA8BD60E393CE78A1B63FC /* Pods-Flixster.release.xcconfig */ = {isa = PBXFileReference; includeInIndex = 1; lastKnownFileType = text.xcconfig; name = "Pods-Flixster.release.xcconfig"; path = "Target Support Files/Pods-Flixster/Pods-Flixster.release.xcconfig"; sourceTree = "<group>"; };
		CC1BF1CCB79C530C360D1139 /* Pods-FlixsterTests.debug.xcconfig */ = {isa = PBXFileReference; includeInIndex = 1; lastKnownFileType = text.xcconfig; name = "Pods-FlixsterTests.debug.xcconfig"; path = "Target Support Files/Pods-FlixsterTests/Pods-FlixsterTests.debug.xcconfig"; sourceTree = "<group>"; };
		EE903AB107D1AACD5479AB93 /* Pods-Flixster-FlixsterUITests.release.xcconfig */ = {isa = PBXFileReference; includeInIndex = 1; lastKnownFileType = text.xcconfig; name = "Pods-Flixster-FlixsterUITests.release.xcconfig"; path = "Target Support Files/Pods-Flixster-FlixsterUITests/Pods-Flixster-FlixsterUITests.release.xcconfig"; sourceTree = "<group>"; };
/* End PBXFileReference section */

/* Begin PBXFrameworksBuildPhase section */
		19AD94B727B2058C00EAEE7D /* Frameworks */ = {
			isa = PBXFrameworksBuildPhase;
			buildActionMask = 2147483647;
			files = (
				19AD94F127B21F2800EAEE7D /* AlamofireImage in Frameworks */,
				6D3E3CB8C1E6292FA3775866 /* Pods_Flixster.framework in Frameworks */,
			);
			runOnlyForDeploymentPostprocessing = 0;
		};
		19AD94CD27B2058E00EAEE7D /* Frameworks */ = {
			isa = PBXFrameworksBuildPhase;
			buildActionMask = 2147483647;
			files = (
				03889C05E6D0CFAFECD56707 /* Pods_FlixsterTests.framework in Frameworks */,
			);
			runOnlyForDeploymentPostprocessing = 0;
		};
		19AD94D727B2058E00EAEE7D /* Frameworks */ = {
			isa = PBXFrameworksBuildPhase;
			buildActionMask = 2147483647;
			files = (
				A9E272C20A5592C099FE0208 /* Pods_Flixster_FlixsterUITests.framework in Frameworks */,
			);
			runOnlyForDeploymentPostprocessing = 0;
		};
/* End PBXFrameworksBuildPhase section */

/* Begin PBXGroup section */
		19AD94B127B2058C00EAEE7D = {
			isa = PBXGroup;
			children = (
				19AD94BC27B2058C00EAEE7D /* Flixster */,
				19AD94D327B2058E00EAEE7D /* FlixsterTests */,
				19AD94DD27B2058E00EAEE7D /* FlixsterUITests */,
				19AD94BB27B2058C00EAEE7D /* Products */,
				F6779A002EE553BFB0BB91AF /* Pods */,
				9C9D6474ED21CB7B98D2FB0D /* Frameworks */,
			);
			sourceTree = "<group>";
		};
		19AD94BB27B2058C00EAEE7D /* Products */ = {
			isa = PBXGroup;
			children = (
				19AD94BA27B2058C00EAEE7D /* Flixster.app */,
				19AD94D027B2058E00EAEE7D /* FlixsterTests.xctest */,
				19AD94DA27B2058E00EAEE7D /* FlixsterUITests.xctest */,
			);
			name = Products;
			sourceTree = "<group>";
		};
		19AD94BC27B2058C00EAEE7D /* Flixster */ = {
			isa = PBXGroup;
			children = (
				19AD94BD27B2058C00EAEE7D /* AppDelegate.swift */,
				19AD94BF27B2058C00EAEE7D /* SceneDelegate.swift */,
				19AD94C127B2058C00EAEE7D /* ViewController.swift */,
				19AD94C327B2058C00EAEE7D /* Main.storyboard */,
				19AD94C627B2058E00EAEE7D /* Assets.xcassets */,
				19AD94C827B2058E00EAEE7D /* LaunchScreen.storyboard */,
				19AD94CB27B2058E00EAEE7D /* Info.plist */,
				19AD94ED27B2187300EAEE7D /* MovieCell.swift */,
			);
			path = Flixster;
			sourceTree = "<group>";
		};
		19AD94D327B2058E00EAEE7D /* FlixsterTests */ = {
			isa = PBXGroup;
			children = (
				19AD94D427B2058E00EAEE7D /* FlixsterTests.swift */,
			);
			path = FlixsterTests;
			sourceTree = "<group>";
		};
		19AD94DD27B2058E00EAEE7D /* FlixsterUITests */ = {
			isa = PBXGroup;
			children = (
				19AD94DE27B2058E00EAEE7D /* FlixsterUITests.swift */,
				19AD94E027B2058E00EAEE7D /* FlixsterUITestsLaunchTests.swift */,
			);
			path = FlixsterUITests;
			sourceTree = "<group>";
		};
		9C9D6474ED21CB7B98D2FB0D /* Frameworks */ = {
			isa = PBXGroup;
			children = (
				16BCC0C4861770A7B10537AE /* Pods_Flixster.framework */,
				22E3B2CCEF0636E4FFA7AE98 /* Pods_Flixster_FlixsterUITests.framework */,
				8656507C1072B19E9B36E836 /* Pods_FlixsterTests.framework */,
			);
			name = Frameworks;
			sourceTree = "<group>";
		};
		F6779A002EE553BFB0BB91AF /* Pods */ = {
			isa = PBXGroup;
			children = (
				9290FC6E8CBCAE12C3BABB17 /* Pods-Flixster.debug.xcconfig */,
				A7FA8BD60E393CE78A1B63FC /* Pods-Flixster.release.xcconfig */,
				1B26CB51126C789316CF75F6 /* Pods-Flixster-FlixsterUITests.debug.xcconfig */,
				EE903AB107D1AACD5479AB93 /* Pods-Flixster-FlixsterUITests.release.xcconfig */,
				CC1BF1CCB79C530C360D1139 /* Pods-FlixsterTests.debug.xcconfig */,
				04D8B5B85AD69774996387E0 /* Pods-FlixsterTests.release.xcconfig */,
			);
			name = Pods;
			path = Pods;
			sourceTree = "<group>";
		};
/* End PBXGroup section */

/* Begin PBXNativeTarget section */
		19AD94B927B2058C00EAEE7D /* Flixster */ = {
			isa = PBXNativeTarget;
			buildConfigurationList = 19AD94E427B2058E00EAEE7D /* Build configuration list for PBXNativeTarget "Flixster" */;
			buildPhases = (
				65492C564071BCF433215926 /* [CP] Check Pods Manifest.lock */,
				19AD94B627B2058C00EAEE7D /* Sources */,
				19AD94B727B2058C00EAEE7D /* Frameworks */,
				19AD94B827B2058C00EAEE7D /* Resources */,
				BD8C2509F31E18F83CEFED9B /* [CP] Embed Pods Frameworks */,
			);
			buildRules = (
			);
			dependencies = (
			);
			name = Flixster;
			packageProductDependencies = (
				19AD94F027B21F2800EAEE7D /* AlamofireImage */,
			);
			productName = Flixster;
			productReference = 19AD94BA27B2058C00EAEE7D /* Flixster.app */;
			productType = "com.apple.product-type.application";
		};
		19AD94CF27B2058E00EAEE7D /* FlixsterTests */ = {
			isa = PBXNativeTarget;
			buildConfigurationList = 19AD94E727B2058E00EAEE7D /* Build configuration list for PBXNativeTarget "FlixsterTests" */;
			buildPhases = (
				842C862F3E3BB080D33DBC8E /* [CP] Check Pods Manifest.lock */,
				19AD94CC27B2058E00EAEE7D /* Sources */,
				19AD94CD27B2058E00EAEE7D /* Frameworks */,
				19AD94CE27B2058E00EAEE7D /* Resources */,
			);
			buildRules = (
			);
			dependencies = (
				19AD94D227B2058E00EAEE7D /* PBXTargetDependency */,
			);
			name = FlixsterTests;
			productName = FlixsterTests;
			productReference = 19AD94D027B2058E00EAEE7D /* FlixsterTests.xctest */;
			productType = "com.apple.product-type.bundle.unit-test";
		};
		19AD94D927B2058E00EAEE7D /* FlixsterUITests */ = {
			isa = PBXNativeTarget;
			buildConfigurationList = 19AD94EA27B2058E00EAEE7D /* Build configuration list for PBXNativeTarget "FlixsterUITests" */;
			buildPhases = (
				352AD683F3FB445666F08EBB /* [CP] Check Pods Manifest.lock */,
				19AD94D627B2058E00EAEE7D /* Sources */,
				19AD94D727B2058E00EAEE7D /* Frameworks */,
				19AD94D827B2058E00EAEE7D /* Resources */,
				D313525CE6BE8B45BD6ED321 /* [CP] Embed Pods Frameworks */,
			);
			buildRules = (
			);
			dependencies = (
				19AD94DC27B2058E00EAEE7D /* PBXTargetDependency */,
			);
			name = FlixsterUITests;
			productName = FlixsterUITests;
			productReference = 19AD94DA27B2058E00EAEE7D /* FlixsterUITests.xctest */;
			productType = "com.apple.product-type.bundle.ui-testing";
		};
/* End PBXNativeTarget section */

/* Begin PBXProject section */
		19AD94B227B2058C00EAEE7D /* Project object */ = {
			isa = PBXProject;
			attributes = {
				BuildIndependentTargetsInParallel = 1;
				LastSwiftUpdateCheck = 1320;
				LastUpgradeCheck = 1320;
				TargetAttributes = {
					19AD94B927B2058C00EAEE7D = {
						CreatedOnToolsVersion = 13.2.1;
					};
					19AD94CF27B2058E00EAEE7D = {
						CreatedOnToolsVersion = 13.2.1;
						TestTargetID = 19AD94B927B2058C00EAEE7D;
					};
					19AD94D927B2058E00EAEE7D = {
						CreatedOnToolsVersion = 13.2.1;
						TestTargetID = 19AD94B927B2058C00EAEE7D;
					};
				};
			};
			buildConfigurationList = 19AD94B527B2058C00EAEE7D /* Build configuration list for PBXProject "Flixster" */;
			compatibilityVersion = "Xcode 13.0";
			developmentRegion = en;
			hasScannedForEncodings = 0;
			knownRegions = (
				en,
				Base,
			);
			mainGroup = 19AD94B127B2058C00EAEE7D;
			packageReferences = (
				19AD94EF27B21F2800EAEE7D /* XCRemoteSwiftPackageReference "AlamofireImage" */,
			);
			productRefGroup = 19AD94BB27B2058C00EAEE7D /* Products */;
			projectDirPath = "";
			projectRoot = "";
			targets = (
				19AD94B927B2058C00EAEE7D /* Flixster */,
				19AD94CF27B2058E00EAEE7D /* FlixsterTests */,
				19AD94D927B2058E00EAEE7D /* FlixsterUITests */,
			);
		};
/* End PBXProject section */

/* Begin PBXResourcesBuildPhase section */
		19AD94B827B2058C00EAEE7D /* Resources */ = {
			isa = PBXResourcesBuildPhase;
			buildActionMask = 2147483647;
			files = (
				19AD94CA27B2058E00EAEE7D /* LaunchScreen.storyboard in Resources */,
				19AD94C727B2058E00EAEE7D /* Assets.xcassets in Resources */,
				19AD94C527B2058C00EAEE7D /* Main.storyboard in Resources */,
			);
			runOnlyForDeploymentPostprocessing = 0;
		};
		19AD94CE27B2058E00EAEE7D /* Resources */ = {
			isa = PBXResourcesBuildPhase;
			buildActionMask = 2147483647;
			files = (
			);
			runOnlyForDeploymentPostprocessing = 0;
		};
		19AD94D827B2058E00EAEE7D /* Resources */ = {
			isa = PBXResourcesBuildPhase;
			buildActionMask = 2147483647;
			files = (
			);
			runOnlyForDeploymentPostprocessing = 0;
		};
/* End PBXResourcesBuildPhase section */

/* Begin PBXShellScriptBuildPhase section */
		352AD683F3FB445666F08EBB /* [CP] Check Pods Manifest.lock */ = {
			isa = PBXShellScriptBuildPhase;
			buildActionMask = 2147483647;
			files = (
			);
			inputFileListPaths = (
			);
			inputPaths = (
				"${PODS_PODFILE_DIR_PATH}/Podfile.lock",
				"${PODS_ROOT}/Manifest.lock",
			);
			name = "[CP] Check Pods Manifest.lock";
			outputFileListPaths = (
			);
			outputPaths = (
				"$(DERIVED_FILE_DIR)/Pods-Flixster-FlixsterUITests-checkManifestLockResult.txt",
			);
			runOnlyForDeploymentPostprocessing = 0;
			shellPath = /bin/sh;
			shellScript = "diff \"${PODS_PODFILE_DIR_PATH}/Podfile.lock\" \"${PODS_ROOT}/Manifest.lock\" > /dev/null\nif [ $? != 0 ] ; then\n    # print error to STDERR\n    echo \"error: The sandbox is not in sync with the Podfile.lock. Run 'pod install' or update your CocoaPods installation.\" >&2\n    exit 1\nfi\n# This output is used by Xcode 'outputs' to avoid re-running this script phase.\necho \"SUCCESS\" > \"${SCRIPT_OUTPUT_FILE_0}\"\n";
			showEnvVarsInLog = 0;
		};
		65492C564071BCF433215926 /* [CP] Check Pods Manifest.lock */ = {
			isa = PBXShellScriptBuildPhase;
			buildActionMask = 2147483647;
			files = (
			);
			inputFileListPaths = (
			);
			inputPaths = (
				"${PODS_PODFILE_DIR_PATH}/Podfile.lock",
				"${PODS_ROOT}/Manifest.lock",
			);
			name = "[CP] Check Pods Manifest.lock";
			outputFileListPaths = (
			);
			outputPaths = (
				"$(DERIVED_FILE_DIR)/Pods-Flixster-checkManifestLockResult.txt",
			);
			runOnlyForDeploymentPostprocessing = 0;
			shellPath = /bin/sh;
			shellScript = "diff \"${PODS_PODFILE_DIR_PATH}/Podfile.lock\" \"${PODS_ROOT}/Manifest.lock\" > /dev/null\nif [ $? != 0 ] ; then\n    # print error to STDERR\n    echo \"error: The sandbox is not in sync with the Podfile.lock. Run 'pod install' or update your CocoaPods installation.\" >&2\n    exit 1\nfi\n# This output is used by Xcode 'outputs' to avoid re-running this script phase.\necho \"SUCCESS\" > \"${SCRIPT_OUTPUT_FILE_0}\"\n";
			showEnvVarsInLog = 0;
		};
		842C862F3E3BB080D33DBC8E /* [CP] Check Pods Manifest.lock */ = {
			isa = PBXShellScriptBuildPhase;
			buildActionMask = 2147483647;
			files = (
			);
			inputFileListPaths = (
			);
			inputPaths = (
				"${PODS_PODFILE_DIR_PATH}/Podfile.lock",
				"${PODS_ROOT}/Manifest.lock",
			);
			name = "[CP] Check Pods Manifest.lock";
			outputFileListPaths = (
			);
			outputPaths = (
				"$(DERIVED_FILE_DIR)/Pods-FlixsterTests-checkManifestLockResult.txt",
			);
			runOnlyForDeploymentPostprocessing = 0;
			shellPath = /bin/sh;
			shellScript = "diff \"${PODS_PODFILE_DIR_PATH}/Podfile.lock\" \"${PODS_ROOT}/Manifest.lock\" > /dev/null\nif [ $? != 0 ] ; then\n    # print error to STDERR\n    echo \"error: The sandbox is not in sync with the Podfile.lock. Run 'pod install' or update your CocoaPods installation.\" >&2\n    exit 1\nfi\n# This output is used by Xcode 'outputs' to avoid re-running this script phase.\necho \"SUCCESS\" > \"${SCRIPT_OUTPUT_FILE_0}\"\n";
			showEnvVarsInLog = 0;
		};
		BD8C2509F31E18F83CEFED9B /* [CP] Embed Pods Frameworks */ = {
			isa = PBXShellScriptBuildPhase;
			buildActionMask = 2147483647;
			files = (
			);
			inputFileListPaths = (
				"${PODS_ROOT}/Target Support Files/Pods-Flixster/Pods-Flixster-frameworks-${CONFIGURATION}-input-files.xcfilelist",
			);
			name = "[CP] Embed Pods Frameworks";
			outputFileListPaths = (
				"${PODS_ROOT}/Target Support Files/Pods-Flixster/Pods-Flixster-frameworks-${CONFIGURATION}-output-files.xcfilelist",
			);
			runOnlyForDeploymentPostprocessing = 0;
			shellPath = /bin/sh;
			shellScript = "\"${PODS_ROOT}/Target Support Files/Pods-Flixster/Pods-Flixster-frameworks.sh\"\n";
			showEnvVarsInLog = 0;
		};
		D313525CE6BE8B45BD6ED321 /* [CP] Embed Pods Frameworks */ = {
			isa = PBXShellScriptBuildPhase;
			buildActionMask = 2147483647;
			files = (
			);
			inputFileListPaths = (
				"${PODS_ROOT}/Target Support Files/Pods-Flixster-FlixsterUITests/Pods-Flixster-FlixsterUITests-frameworks-${CONFIGURATION}-input-files.xcfilelist",
			);
			name = "[CP] Embed Pods Frameworks";
			outputFileListPaths = (
				"${PODS_ROOT}/Target Support Files/Pods-Flixster-FlixsterUITests/Pods-Flixster-FlixsterUITests-frameworks-${CONFIGURATION}-output-files.xcfilelist",
			);
			runOnlyForDeploymentPostprocessing = 0;
			shellPath = /bin/sh;
			shellScript = "\"${PODS_ROOT}/Target Support Files/Pods-Flixster-FlixsterUITests/Pods-Flixster-FlixsterUITests-frameworks.sh\"\n";
			showEnvVarsInLog = 0;
		};
/* End PBXShellScriptBuildPhase section */

/* Begin PBXSourcesBuildPhase section */
		19AD94B627B2058C00EAEE7D /* Sources */ = {
			isa = PBXSourcesBuildPhase;
			buildActionMask = 2147483647;
			files = (
				19AD94C227B2058C00EAEE7D /* ViewController.swift in Sources */,
				19AD94BE27B2058C00EAEE7D /* AppDelegate.swift in Sources */,
				19AD94EE27B2187300EAEE7D /* MovieCell.swift in Sources */,
				19AD94C027B2058C00EAEE7D /* SceneDelegate.swift in Sources */,
			);
			runOnlyForDeploymentPostprocessing = 0;
		};
		19AD94CC27B2058E00EAEE7D /* Sources */ = {
			isa = PBXSourcesBuildPhase;
			buildActionMask = 2147483647;
			files = (
				19AD94D527B2058E00EAEE7D /* FlixsterTests.swift in Sources */,
			);
			runOnlyForDeploymentPostprocessing = 0;
		};
		19AD94D627B2058E00EAEE7D /* Sources */ = {
			isa = PBXSourcesBuildPhase;
			buildActionMask = 2147483647;
			files = (
				19AD94E127B2058E00EAEE7D /* FlixsterUITestsLaunchTests.swift in Sources */,
				19AD94DF27B2058E00EAEE7D /* FlixsterUITests.swift in Sources */,
			);
			runOnlyForDeploymentPostprocessing = 0;
		};
/* End PBXSourcesBuildPhase section */

/* Begin PBXTargetDependency section */
		19AD94D227B2058E00EAEE7D /* PBXTargetDependency */ = {
			isa = PBXTargetDependency;
			target = 19AD94B927B2058C00EAEE7D /* Flixster */;
			targetProxy = 19AD94D127B2058E00EAEE7D /* PBXContainerItemProxy */;
		};
		19AD94DC27B2058E00EAEE7D /* PBXTargetDependency */ = {
			isa = PBXTargetDependency;
			target = 19AD94B927B2058C00EAEE7D /* Flixster */;
			targetProxy = 19AD94DB27B2058E00EAEE7D /* PBXContainerItemProxy */;
		};
/* End PBXTargetDependency section */

/* Begin PBXVariantGroup section */
		19AD94C327B2058C00EAEE7D /* Main.storyboard */ = {
			isa = PBXVariantGroup;
			children = (
				19AD94C427B2058C00EAEE7D /* Base */,
			);
			name = Main.storyboard;
			sourceTree = "<group>";
		};
		19AD94C827B2058E00EAEE7D /* LaunchScreen.storyboard */ = {
			isa = PBXVariantGroup;
			children = (
				19AD94C927B2058E00EAEE7D /* Base */,
			);
			name = LaunchScreen.storyboard;
			sourceTree = "<group>";
		};
/* End PBXVariantGroup section */

/* Begin XCBuildConfiguration section */
		19AD94E227B2058E00EAEE7D /* Debug */ = {
			isa = XCBuildConfiguration;
			buildSettings = {
				ALWAYS_SEARCH_USER_PATHS = NO;
				CLANG_ANALYZER_NONNULL = YES;
				CLANG_ANALYZER_NUMBER_OBJECT_CONVERSION = YES_AGGRESSIVE;
				CLANG_CXX_LANGUAGE_STANDARD = "gnu++17";
				CLANG_CXX_LIBRARY = "libc++";
				CLANG_ENABLE_MODULES = YES;
				CLANG_ENABLE_OBJC_ARC = YES;
				CLANG_ENABLE_OBJC_WEAK = YES;
				CLANG_WARN_BLOCK_CAPTURE_AUTORELEASING = YES;
				CLANG_WARN_BOOL_CONVERSION = YES;
				CLANG_WARN_COMMA = YES;
				CLANG_WARN_CONSTANT_CONVERSION = YES;
				CLANG_WARN_DEPRECATED_OBJC_IMPLEMENTATIONS = YES;
				CLANG_WARN_DIRECT_OBJC_ISA_USAGE = YES_ERROR;
				CLANG_WARN_DOCUMENTATION_COMMENTS = YES;
				CLANG_WARN_EMPTY_BODY = YES;
				CLANG_WARN_ENUM_CONVERSION = YES;
				CLANG_WARN_INFINITE_RECURSION = YES;
				CLANG_WARN_INT_CONVERSION = YES;
				CLANG_WARN_NON_LITERAL_NULL_CONVERSION = YES;
				CLANG_WARN_OBJC_IMPLICIT_RETAIN_SELF = YES;
				CLANG_WARN_OBJC_LITERAL_CONVERSION = YES;
				CLANG_WARN_OBJC_ROOT_CLASS = YES_ERROR;
				CLANG_WARN_QUOTED_INCLUDE_IN_FRAMEWORK_HEADER = YES;
				CLANG_WARN_RANGE_LOOP_ANALYSIS = YES;
				CLANG_WARN_STRICT_PROTOTYPES = YES;
				CLANG_WARN_SUSPICIOUS_MOVE = YES;
				CLANG_WARN_UNGUARDED_AVAILABILITY = YES_AGGRESSIVE;
				CLANG_WARN_UNREACHABLE_CODE = YES;
				CLANG_WARN__DUPLICATE_METHOD_MATCH = YES;
				COPY_PHASE_STRIP = NO;
				DEBUG_INFORMATION_FORMAT = dwarf;
				ENABLE_STRICT_OBJC_MSGSEND = YES;
				ENABLE_TESTABILITY = YES;
				GCC_C_LANGUAGE_STANDARD = gnu11;
				GCC_DYNAMIC_NO_PIC = NO;
				GCC_NO_COMMON_BLOCKS = YES;
				GCC_OPTIMIZATION_LEVEL = 0;
				GCC_PREPROCESSOR_DEFINITIONS = (
					"DEBUG=1",
					"$(inherited)",
				);
				GCC_WARN_64_TO_32_BIT_CONVERSION = YES;
				GCC_WARN_ABOUT_RETURN_TYPE = YES_ERROR;
				GCC_WARN_UNDECLARED_SELECTOR = YES;
				GCC_WARN_UNINITIALIZED_AUTOS = YES_AGGRESSIVE;
				GCC_WARN_UNUSED_FUNCTION = YES;
				GCC_WARN_UNUSED_VARIABLE = YES;
				IPHONEOS_DEPLOYMENT_TARGET = 15.2;
				MTL_ENABLE_DEBUG_INFO = INCLUDE_SOURCE;
				MTL_FAST_MATH = YES;
				ONLY_ACTIVE_ARCH = YES;
				SDKROOT = iphoneos;
				SWIFT_ACTIVE_COMPILATION_CONDITIONS = DEBUG;
				SWIFT_OPTIMIZATION_LEVEL = "-Onone";
			};
			name = Debug;
		};
		19AD94E327B2058E00EAEE7D /* Release */ = {
			isa = XCBuildConfiguration;
			buildSettings = {
				ALWAYS_SEARCH_USER_PATHS = NO;
				CLANG_ANALYZER_NONNULL = YES;
				CLANG_ANALYZER_NUMBER_OBJECT_CONVERSION = YES_AGGRESSIVE;
				CLANG_CXX_LANGUAGE_STANDARD = "gnu++17";
				CLANG_CXX_LIBRARY = "libc++";
				CLANG_ENABLE_MODULES = YES;
				CLANG_ENABLE_OBJC_ARC = YES;
				CLANG_ENABLE_OBJC_WEAK = YES;
				CLANG_WARN_BLOCK_CAPTURE_AUTORELEASING = YES;
				CLANG_WARN_BOOL_CONVERSION = YES;
				CLANG_WARN_COMMA = YES;
				CLANG_WARN_CONSTANT_CONVERSION = YES;
				CLANG_WARN_DEPRECATED_OBJC_IMPLEMENTATIONS = YES;
				CLANG_WARN_DIRECT_OBJC_ISA_USAGE = YES_ERROR;
				CLANG_WARN_DOCUMENTATION_COMMENTS = YES;
				CLANG_WARN_EMPTY_BODY = YES;
				CLANG_WARN_ENUM_CONVERSION = YES;
				CLANG_WARN_INFINITE_RECURSION = YES;
				CLANG_WARN_INT_CONVERSION = YES;
				CLANG_WARN_NON_LITERAL_NULL_CONVERSION = YES;
				CLANG_WARN_OBJC_IMPLICIT_RETAIN_SELF = YES;
				CLANG_WARN_OBJC_LITERAL_CONVERSION = YES;
				CLANG_WARN_OBJC_ROOT_CLASS = YES_ERROR;
				CLANG_WARN_QUOTED_INCLUDE_IN_FRAMEWORK_HEADER = YES;
				CLANG_WARN_RANGE_LOOP_ANALYSIS = YES;
				CLANG_WARN_STRICT_PROTOTYPES = YES;
				CLANG_WARN_SUSPICIOUS_MOVE = YES;
				CLANG_WARN_UNGUARDED_AVAILABILITY = YES_AGGRESSIVE;
				CLANG_WARN_UNREACHABLE_CODE = YES;
				CLANG_WARN__DUPLICATE_METHOD_MATCH = YES;
				COPY_PHASE_STRIP = NO;
				DEBUG_INFORMATION_FORMAT = "dwarf-with-dsym";
				ENABLE_NS_ASSERTIONS = NO;
				ENABLE_STRICT_OBJC_MSGSEND = YES;
				GCC_C_LANGUAGE_STANDARD = gnu11;
				GCC_NO_COMMON_BLOCKS = YES;
				GCC_WARN_64_TO_32_BIT_CONVERSION = YES;
				GCC_WARN_ABOUT_RETURN_TYPE = YES_ERROR;
				GCC_WARN_UNDECLARED_SELECTOR = YES;
				GCC_WARN_UNINITIALIZED_AUTOS = YES_AGGRESSIVE;
				GCC_WARN_UNUSED_FUNCTION = YES;
				GCC_WARN_UNUSED_VARIABLE = YES;
				IPHONEOS_DEPLOYMENT_TARGET = 15.2;
				MTL_ENABLE_DEBUG_INFO = NO;
				MTL_FAST_MATH = YES;
				SDKROOT = iphoneos;
				SWIFT_COMPILATION_MODE = wholemodule;
				SWIFT_OPTIMIZATION_LEVEL = "-O";
				VALIDATE_PRODUCT = YES;
			};
			name = Release;
		};
		19AD94E527B2058E00EAEE7D /* Debug */ = {
			isa = XCBuildConfiguration;
			baseConfigurationReference = 9290FC6E8CBCAE12C3BABB17 /* Pods-Flixster.debug.xcconfig */;
			buildSettings = {
				ASSETCATALOG_COMPILER_APPICON_NAME = AppIcon;
				ASSETCATALOG_COMPILER_GLOBAL_ACCENT_COLOR_NAME = AccentColor;
				CODE_SIGN_STYLE = Automatic;
				CURRENT_PROJECT_VERSION = 1;
				DEVELOPMENT_TEAM = 95QCC8YNDL;
				GENERATE_INFOPLIST_FILE = YES;
				INFOPLIST_FILE = Flixster/Info.plist;
				INFOPLIST_KEY_UIApplicationSupportsIndirectInputEvents = YES;
				INFOPLIST_KEY_UILaunchStoryboardName = LaunchScreen;
				INFOPLIST_KEY_UIMainStoryboardFile = Main;
				INFOPLIST_KEY_UISupportedInterfaceOrientations = "UIInterfaceOrientationPortrait UIInterfaceOrientationLandscapeLeft UIInterfaceOrientationLandscapeRight";
				INFOPLIST_KEY_UISupportedInterfaceOrientations_iPad = "UIInterfaceOrientationPortrait UIInterfaceOrientationPortraitUpsideDown UIInterfaceOrientationLandscapeLeft UIInterfaceOrientationLandscapeRight";
				INFOPLIST_KEY_UISupportedInterfaceOrientations_iPhone = "UIInterfaceOrientationPortrait UIInterfaceOrientationLandscapeLeft UIInterfaceOrientationLandscapeRight";
				LD_RUNPATH_SEARCH_PATHS = (
					"$(inherited)",
					"@executable_path/Frameworks",
				);
				MARKETING_VERSION = 1.0;
				PRODUCT_BUNDLE_IDENTIFIER = com.amitt.Flixster;
				PRODUCT_NAME = "$(TARGET_NAME)";
				SWIFT_EMIT_LOC_STRINGS = YES;
				SWIFT_VERSION = 5.0;
				TARGETED_DEVICE_FAMILY = "1,2";
			};
			name = Debug;
		};
		19AD94E627B2058E00EAEE7D /* Release */ = {
			isa = XCBuildConfiguration;
			baseConfigurationReference = A7FA8BD60E393CE78A1B63FC /* Pods-Flixster.release.xcconfig */;
			buildSettings = {
				ASSETCATALOG_COMPILER_APPICON_NAME = AppIcon;
				ASSETCATALOG_COMPILER_GLOBAL_ACCENT_COLOR_NAME = AccentColor;
				CODE_SIGN_STYLE = Automatic;
				CURRENT_PROJECT_VERSION = 1;
				DEVELOPMENT_TEAM = 95QCC8YNDL;
				GENERATE_INFOPLIST_FILE = YES;
				INFOPLIST_FILE = Flixster/Info.plist;
				INFOPLIST_KEY_UIApplicationSupportsIndirectInputEvents = YES;
				INFOPLIST_KEY_UILaunchStoryboardName = LaunchScreen;
				INFOPLIST_KEY_UIMainStoryboardFile = Main;
				INFOPLIST_KEY_UISupportedInterfaceOrientations = "UIInterfaceOrientationPortrait UIInterfaceOrientationLandscapeLeft UIInterfaceOrientationLandscapeRight";
				INFOPLIST_KEY_UISupportedInterfaceOrientations_iPad = "UIInterfaceOrientationPortrait UIInterfaceOrientationPortraitUpsideDown UIInterfaceOrientationLandscapeLeft UIInterfaceOrientationLandscapeRight";
				INFOPLIST_KEY_UISupportedInterfaceOrientations_iPhone = "UIInterfaceOrientationPortrait UIInterfaceOrientationLandscapeLeft UIInterfaceOrientationLandscapeRight";
				LD_RUNPATH_SEARCH_PATHS = (
					"$(inherited)",
					"@executable_path/Frameworks",
				);
				MARKETING_VERSION = 1.0;
				PRODUCT_BUNDLE_IDENTIFIER = com.amitt.Flixster;
				PRODUCT_NAME = "$(TARGET_NAME)";
				SWIFT_EMIT_LOC_STRINGS = YES;
				SWIFT_VERSION = 5.0;
				TARGETED_DEVICE_FAMILY = "1,2";
			};
			name = Release;
		};
		19AD94E827B2058E00EAEE7D /* Debug */ = {
			isa = XCBuildConfiguration;
			baseConfigurationReference = CC1BF1CCB79C530C360D1139 /* Pods-FlixsterTests.debug.xcconfig */;
			buildSettings = {
				ALWAYS_EMBED_SWIFT_STANDARD_LIBRARIES = YES;
				BUNDLE_LOADER = "$(TEST_HOST)";
				CODE_SIGN_STYLE = Automatic;
				CURRENT_PROJECT_VERSION = 1;
				DEVELOPMENT_TEAM = 95QCC8YNDL;
				GENERATE_INFOPLIST_FILE = YES;
				IPHONEOS_DEPLOYMENT_TARGET = 15.2;
				MARKETING_VERSION = 1.0;
				PRODUCT_BUNDLE_IDENTIFIER = com.amitt.FlixsterTests;
				PRODUCT_NAME = "$(TARGET_NAME)";
				SWIFT_EMIT_LOC_STRINGS = NO;
				SWIFT_VERSION = 5.0;
				TARGETED_DEVICE_FAMILY = "1,2";
				TEST_HOST = "$(BUILT_PRODUCTS_DIR)/Flixster.app/Flixster";
			};
			name = Debug;
		};
		19AD94E927B2058E00EAEE7D /* Release */ = {
			isa = XCBuildConfiguration;
			baseConfigurationReference = 04D8B5B85AD69774996387E0 /* Pods-FlixsterTests.release.xcconfig */;
			buildSettings = {
				ALWAYS_EMBED_SWIFT_STANDARD_LIBRARIES = YES;
				BUNDLE_LOADER = "$(TEST_HOST)";
				CODE_SIGN_STYLE = Automatic;
				CURRENT_PROJECT_VERSION = 1;
				DEVELOPMENT_TEAM = 95QCC8YNDL;
				GENERATE_INFOPLIST_FILE = YES;
				IPHONEOS_DEPLOYMENT_TARGET = 15.2;
				MARKETING_VERSION = 1.0;
				PRODUCT_BUNDLE_IDENTIFIER = com.amitt.FlixsterTests;
				PRODUCT_NAME = "$(TARGET_NAME)";
				SWIFT_EMIT_LOC_STRINGS = NO;
				SWIFT_VERSION = 5.0;
				TARGETED_DEVICE_FAMILY = "1,2";
				TEST_HOST = "$(BUILT_PRODUCTS_DIR)/Flixster.app/Flixster";
			};
			name = Release;
		};
		19AD94EB27B2058E00EAEE7D /* Debug */ = {
			isa = XCBuildConfiguration;
			baseConfigurationReference = 1B26CB51126C789316CF75F6 /* Pods-Flixster-FlixsterUITests.debug.xcconfig */;
			buildSettings = {
				ALWAYS_EMBED_SWIFT_STANDARD_LIBRARIES = YES;
				CODE_SIGN_STYLE = Automatic;
				CURRENT_PROJECT_VERSION = 1;
				DEVELOPMENT_TEAM = 95QCC8YNDL;
				GENERATE_INFOPLIST_FILE = YES;
				MARKETING_VERSION = 1.0;
				PRODUCT_BUNDLE_IDENTIFIER = com.amitt.FlixsterUITests;
				PRODUCT_NAME = "$(TARGET_NAME)";
				SWIFT_EMIT_LOC_STRINGS = NO;
				SWIFT_VERSION = 5.0;
				TARGETED_DEVICE_FAMILY = "1,2";
				TEST_TARGET_NAME = Flixster;
			};
			name = Debug;
		};
		19AD94EC27B2058E00EAEE7D /* Release */ = {
			isa = XCBuildConfiguration;
			baseConfigurationReference = EE903AB107D1AACD5479AB93 /* Pods-Flixster-FlixsterUITests.release.xcconfig */;
			buildSettings = {
				ALWAYS_EMBED_SWIFT_STANDARD_LIBRARIES = YES;
				CODE_SIGN_STYLE = Automatic;
				CURRENT_PROJECT_VERSION = 1;
				DEVELOPMENT_TEAM = 95QCC8YNDL;
				GENERATE_INFOPLIST_FILE = YES;
				MARKETING_VERSION = 1.0;
				PRODUCT_BUNDLE_IDENTIFIER = com.amitt.FlixsterUITests;
				PRODUCT_NAME = "$(TARGET_NAME)";
				SWIFT_EMIT_LOC_STRINGS = NO;
				SWIFT_VERSION = 5.0;
				TARGETED_DEVICE_FAMILY = "1,2";
				TEST_TARGET_NAME = Flixster;
			};
			name = Release;
		};
/* End XCBuildConfiguration section */

/* Begin XCConfigurationList section */
		19AD94B527B2058C00EAEE7D /* Build configuration list for PBXProject "Flixster" */ = {
			isa = XCConfigurationList;
			buildConfigurations = (
				19AD94E227B2058E00EAEE7D /* Debug */,
				19AD94E327B2058E00EAEE7D /* Release */,
			);
			defaultConfigurationIsVisible = 0;
			defaultConfigurationName = Release;
		};
		19AD94E427B2058E00EAEE7D /* Build configuration list for PBXNativeTarget "Flixster" */ = {
			isa = XCConfigurationList;
			buildConfigurations = (
				19AD94E527B2058E00EAEE7D /* Debug */,
				19AD94E627B2058E00EAEE7D /* Release */,
			);
			defaultConfigurationIsVisible = 0;
			defaultConfigurationName = Release;
		};
		19AD94E727B2058E00EAEE7D /* Build configuration list for PBXNativeTarget "FlixsterTests" */ = {
			isa = XCConfigurationList;
			buildConfigurations = (
				19AD94E827B2058E00EAEE7D /* Debug */,
				19AD94E927B2058E00EAEE7D /* Release */,
			);
			defaultConfigurationIsVisible = 0;
			defaultConfigurationName = Release;
		};
		19AD94EA27B2058E00EAEE7D /* Build configuration list for PBXNativeTarget "FlixsterUITests" */ = {
			isa = XCConfigurationList;
			buildConfigurations = (
				19AD94EB27B2058E00EAEE7D /* Debug */,
				19AD94EC27B2058E00EAEE7D /* Release */,
			);
			defaultConfigurationIsVisible = 0;
			defaultConfigurationName = Release;
		};
/* End XCConfigurationList section */

/* Begin XCRemoteSwiftPackageReference section */
		19AD94EF27B21F2800EAEE7D /* XCRemoteSwiftPackageReference "AlamofireImage" */ = {
			isa = XCRemoteSwiftPackageReference;
			repositoryURL = "https://github.com/Alamofire/AlamofireImage";
			requirement = {
				kind = upToNextMajorVersion;
				minimumVersion = 4.0.0;
			};
		};
/* End XCRemoteSwiftPackageReference section */

/* Begin XCSwiftPackageProductDependency section */
		19AD94F027B21F2800EAEE7D /* AlamofireImage */ = {
			isa = XCSwiftPackageProductDependency;
			package = 19AD94EF27B21F2800EAEE7D /* XCRemoteSwiftPackageReference "AlamofireImage" */;
			productName = AlamofireImage;
		};
/* End XCSwiftPackageProductDependency section */
	};
	rootObject = 19AD94B227B2058C00EAEE7D /* Project object */;
}
